// !$*UTF8*$!
{
	archiveVersion = 1;
	classes = {
	};
	objectVersion = 56;
	objects = {

/* Begin PBXBuildFile section */
		208E87DF2C0B89A6008C5CF5 /* Assets.xcassets in Resources */ = {isa = PBXBuildFile; fileRef = 208E87DE2C0B89A6008C5CF5 /* Assets.xcassets */; };
		208E87E22C0B89A6008C5CF5 /* Preview Assets.xcassets in Resources */ = {isa = PBXBuildFile; fileRef = 208E87E12C0B89A6008C5CF5 /* Preview Assets.xcassets */; };
		55651F6A2E17146600DD5450 /* ColorTheme.xcassets in Resources */ = {isa = PBXBuildFile; fileRef = 55651F692E17146600DD5450 /* ColorTheme.xcassets */; };
		55651F6C2E1714F700DD5450 /* Signup.swift in Sources */ = {isa = PBXBuildFile; fileRef = 55651F6B2E1714EF00DD5450 /* Signup.swift */; };
		55651F782E171C4400DD5450 /* Poppins-Black.ttf in CopyFiles */ = {isa = PBXBuildFile; fileRef = 55651F6E2E171AA100DD5450 /* Poppins-Black.ttf */; };
		55651F792E171C4400DD5450 /* Poppins-Bold.ttf in CopyFiles */ = {isa = PBXBuildFile; fileRef = 55651F6F2E171AA100DD5450 /* Poppins-Bold.ttf */; };
		55651F7A2E171C4400DD5450 /* Poppins-Medium.ttf in CopyFiles */ = {isa = PBXBuildFile; fileRef = 55651F702E171AA100DD5450 /* Poppins-Medium.ttf */; };
		55651F7B2E171C4400DD5450 /* Poppins-Regular.ttf in CopyFiles */ = {isa = PBXBuildFile; fileRef = 55651F712E171AA100DD5450 /* Poppins-Regular.ttf */; };
		55651F7D2E17208700DD5450 /* Poppins-SemiBold.ttf in Resources */ = {isa = PBXBuildFile; fileRef = 55651F7C2E17208700DD5450 /* Poppins-SemiBold.ttf */; };
		55651F902E173B8D00DD5450 /* SignupModel.swift in Sources */ = {isa = PBXBuildFile; fileRef = 55651F8F2E173B8400DD5450 /* SignupModel.swift */; };
		55651F932E173C7600DD5450 /* TextFieldSubView.swift in Sources */ = {isa = PBXBuildFile; fileRef = 55651F922E173C6600DD5450 /* TextFieldSubView.swift */; };
		55651F952E173D2D00DD5450 /* PasswordTextFieldSubView.swift in Sources */ = {isa = PBXBuildFile; fileRef = 55651F942E173D2200DD5450 /* PasswordTextFieldSubView.swift */; };
		5568AD892E326B3500D0A72C /* SignInView.swift in Sources */ = {isa = PBXBuildFile; fileRef = 5568AD882E326B2C00D0A72C /* SignInView.swift */; };
		5568AD8D2E326FBD00D0A72C /* social_login.swift in Sources */ = {isa = PBXBuildFile; fileRef = 5568AD8C2E326FB600D0A72C /* social_login.swift */; };
		5568AD912E32901A00D0A72C /* Dashboard.swift in Sources */ = {isa = PBXBuildFile; fileRef = 5568AD902E32901200D0A72C /* Dashboard.swift */; };
		5568AD932E32936900D0A72C /* TranactionModel.swift in Sources */ = {isa = PBXBuildFile; fileRef = 5568AD922E32935F00D0A72C /* TranactionModel.swift */; };
		5568AD952E32944100D0A72C /* IncomeApp.swift in Sources */ = {isa = PBXBuildFile; fileRef = 5568AD942E32943800D0A72C /* IncomeApp.swift */; };
		5568AD972E32A2C200D0A72C /* TransactionModelEnum.swift in Sources */ = {isa = PBXBuildFile; fileRef = 5568AD962E32A2B700D0A72C /* TransactionModelEnum.swift */; };
		5568AD9A2E32CBF600D0A72C /* TransactionView.swift in Sources */ = {isa = PBXBuildFile; fileRef = 5568AD992E32CBF600D0A72C /* TransactionView.swift */; };
		5568AD9C2E32D75200D0A72C /* BalanceView.swift in Sources */ = {isa = PBXBuildFile; fileRef = 5568AD9B2E32D74800D0A72C /* BalanceView.swift */; };
		556EB36C2E34147D00C2A56A /* TransactionScreen.swift in Sources */ = {isa = PBXBuildFile; fileRef = 556EB36B2E34147600C2A56A /* TransactionScreen.swift */; };
		559FB52B2E39436F003A5212 /* BalanceModel.swift in Sources */ = {isa = PBXBuildFile; fileRef = 559FB52A2E394366003A5212 /* BalanceModel.swift */; };
/* End PBXBuildFile section */

/* Begin PBXCopyFilesBuildPhase section */
		55651F772E171C1500DD5450 /* CopyFiles */ = {
			isa = PBXCopyFilesBuildPhase;
			buildActionMask = 2147483647;
			dstPath = fonts;
			dstSubfolderSpec = 7;
			files = (
				55651F782E171C4400DD5450 /* Poppins-Black.ttf in CopyFiles */,
				55651F792E171C4400DD5450 /* Poppins-Bold.ttf in CopyFiles */,
				55651F7A2E171C4400DD5450 /* Poppins-Medium.ttf in CopyFiles */,
				55651F7B2E171C4400DD5450 /* Poppins-Regular.ttf in CopyFiles */,
			);
			runOnlyForDeploymentPostprocessing = 0;
		};
/* End PBXCopyFilesBuildPhase section */

/* Begin PBXFileReference section */
		208E87D72C0B89A4008C5CF5 /* IncomeApp.app */ = {isa = PBXFileReference; explicitFileType = wrapper.application; includeInIndex = 0; path = IncomeApp.app; sourceTree = BUILT_PRODUCTS_DIR; };
		208E87DE2C0B89A6008C5CF5 /* Assets.xcassets */ = {isa = PBXFileReference; lastKnownFileType = folder.assetcatalog; path = Assets.xcassets; sourceTree = "<group>"; };
		208E87E12C0B89A6008C5CF5 /* Preview Assets.xcassets */ = {isa = PBXFileReference; lastKnownFileType = folder.assetcatalog; path = "Preview Assets.xcassets"; sourceTree = "<group>"; };
		55651F692E17146600DD5450 /* ColorTheme.xcassets */ = {isa = PBXFileReference; lastKnownFileType = folder.assetcatalog; path = ColorTheme.xcassets; sourceTree = "<group>"; };
		55651F6B2E1714EF00DD5450 /* Signup.swift */ = {isa = PBXFileReference; lastKnownFileType = sourcecode.swift; path = Signup.swift; sourceTree = "<group>"; };
		55651F6E2E171AA100DD5450 /* Poppins-Black.ttf */ = {isa = PBXFileReference; lastKnownFileType = file; path = "Poppins-Black.ttf"; sourceTree = "<group>"; };
		55651F6F2E171AA100DD5450 /* Poppins-Bold.ttf */ = {isa = PBXFileReference; lastKnownFileType = file; path = "Poppins-Bold.ttf"; sourceTree = "<group>"; };
		55651F702E171AA100DD5450 /* Poppins-Medium.ttf */ = {isa = PBXFileReference; lastKnownFileType = file; path = "Poppins-Medium.ttf"; sourceTree = "<group>"; };
		55651F712E171AA100DD5450 /* Poppins-Regular.ttf */ = {isa = PBXFileReference; lastKnownFileType = file; path = "Poppins-Regular.ttf"; sourceTree = "<group>"; };
		55651F7C2E17208700DD5450 /* Poppins-SemiBold.ttf */ = {isa = PBXFileReference; lastKnownFileType = file; path = "Poppins-SemiBold.ttf"; sourceTree = "<group>"; };
		55651F8F2E173B8400DD5450 /* SignupModel.swift */ = {isa = PBXFileReference; lastKnownFileType = sourcecode.swift; path = SignupModel.swift; sourceTree = "<group>"; };
		55651F922E173C6600DD5450 /* TextFieldSubView.swift */ = {isa = PBXFileReference; lastKnownFileType = sourcecode.swift; path = TextFieldSubView.swift; sourceTree = "<group>"; };
		55651F942E173D2200DD5450 /* PasswordTextFieldSubView.swift */ = {isa = PBXFileReference; lastKnownFileType = sourcecode.swift; path = PasswordTextFieldSubView.swift; sourceTree = "<group>"; };
		5568AD882E326B2C00D0A72C /* SignInView.swift */ = {isa = PBXFileReference; lastKnownFileType = sourcecode.swift; path = SignInView.swift; sourceTree = "<group>"; };
		5568AD8C2E326FB600D0A72C /* social_login.swift */ = {isa = PBXFileReference; lastKnownFileType = sourcecode.swift; path = social_login.swift; sourceTree = "<group>"; };
		5568AD902E32901200D0A72C /* Dashboard.swift */ = {isa = PBXFileReference; lastKnownFileType = sourcecode.swift; path = Dashboard.swift; sourceTree = "<group>"; };
		5568AD922E32935F00D0A72C /* TranactionModel.swift */ = {isa = PBXFileReference; lastKnownFileType = sourcecode.swift; path = TranactionModel.swift; sourceTree = "<group>"; };
		5568AD942E32943800D0A72C /* IncomeApp.swift */ = {isa = PBXFileReference; lastKnownFileType = sourcecode.swift; name = IncomeApp.swift; path = ../IncomeApp.swift; sourceTree = "<group>"; };
		5568AD962E32A2B700D0A72C /* TransactionModelEnum.swift */ = {isa = PBXFileReference; lastKnownFileType = sourcecode.swift; path = TransactionModelEnum.swift; sourceTree = "<group>"; };
		5568AD992E32CBF600D0A72C /* TransactionView.swift */ = {isa = PBXFileReference; lastKnownFileType = sourcecode.swift; path = TransactionView.swift; sourceTree = "<group>"; };
		5568AD9B2E32D74800D0A72C /* BalanceView.swift */ = {isa = PBXFileReference; lastKnownFileType = sourcecode.swift; path = BalanceView.swift; sourceTree = "<group>"; };
		556EB36B2E34147600C2A56A /* TransactionScreen.swift */ = {isa = PBXFileReference; lastKnownFileType = sourcecode.swift; path = TransactionScreen.swift; sourceTree = "<group>"; };
		559FB52A2E394366003A5212 /* BalanceModel.swift */ = {isa = PBXFileReference; lastKnownFileType = sourcecode.swift; path = BalanceModel.swift; sourceTree = "<group>"; };
/* End PBXFileReference section */

/* Begin PBXFrameworksBuildPhase section */
		208E87D42C0B89A4008C5CF5 /* Frameworks */ = {
			isa = PBXFrameworksBuildPhase;
			buildActionMask = 2147483647;
			files = (
			);
			runOnlyForDeploymentPostprocessing = 0;
		};
/* End PBXFrameworksBuildPhase section */

/* Begin PBXGroup section */
		208E87CE2C0B89A4008C5CF5 = {
			isa = PBXGroup;
			children = (
				55651F8E2E1739DF00DD5450 /* Resources */,
				208E87E02C0B89A6008C5CF5 /* Preview Content */,
				208E87D82C0B89A4008C5CF5 /* Products */,
				55651F872E17397500DD5450 /* Features */,
			);
			sourceTree = "<group>";
		};
		208E87D82C0B89A4008C5CF5 /* Products */ = {
			isa = PBXGroup;
			children = (
				208E87D72C0B89A4008C5CF5 /* IncomeApp.app */,
			);
			name = Products;
			sourceTree = "<group>";
		};
		208E87E02C0B89A6008C5CF5 /* Preview Content */ = {
			isa = PBXGroup;
			children = (
				208E87E12C0B89A6008C5CF5 /* Preview Assets.xcassets */,
			);
			path = "Preview Content";
			sourceTree = "<group>";
		};
		55651F6D2E171A8300DD5450 /* fonts */ = {
			isa = PBXGroup;
			children = (
				55651F7C2E17208700DD5450 /* Poppins-SemiBold.ttf */,
				55651F6E2E171AA100DD5450 /* Poppins-Black.ttf */,
				55651F6F2E171AA100DD5450 /* Poppins-Bold.ttf */,
				55651F702E171AA100DD5450 /* Poppins-Medium.ttf */,
				55651F712E171AA100DD5450 /* Poppins-Regular.ttf */,
			);
			path = fonts;
			sourceTree = "<group>";
		};
		55651F872E17397500DD5450 /* Features */ = {
			isa = PBXGroup;
			children = (
				55651F8D2E1739C700DD5450 /* services */,
				55651F8A2E17399000DD5450 /* viewModel */,
				55651F892E17398A00DD5450 /* views */,
				55651F882E17398100DD5450 /* model */,
			);
			path = Features;
			sourceTree = "<group>";
		};
		55651F882E17398100DD5450 /* model */ = {
			isa = PBXGroup;
			children = (
				5568AD962E32A2B700D0A72C /* TransactionModelEnum.swift */,
				5568AD922E32935F00D0A72C /* TranactionModel.swift */,
			);
			path = model;
			sourceTree = "<group>";
		};
		55651F892E17398A00DD5450 /* views */ = {
			isa = PBXGroup;
			children = (
				556EB3682E3413F700C2A56A /* Transaction */,
				5568AD872E326B0500D0A72C /* authView */,
				55AC2A0E2E1EB2C800FBC303 /* home */,
			);
			path = views;
			sourceTree = "<group>";
		};
		55651F8A2E17399000DD5450 /* viewModel */ = {
			isa = PBXGroup;
			children = (
				559FB52A2E394366003A5212 /* BalanceModel.swift */,
				55651F8F2E173B8400DD5450 /* SignupModel.swift */,
			);
			path = viewModel;
			sourceTree = "<group>";
		};
		55651F8D2E1739C700DD5450 /* services */ = {
			isa = PBXGroup;
			children = (
			);
			path = services;
			sourceTree = "<group>";
		};
		55651F8E2E1739DF00DD5450 /* Resources */ = {
			isa = PBXGroup;
			children = (
				5568AD942E32943800D0A72C /* IncomeApp.swift */,
				55651F692E17146600DD5450 /* ColorTheme.xcassets */,
				208E87DE2C0B89A6008C5CF5 /* Assets.xcassets */,
				55651F6D2E171A8300DD5450 /* fonts */,
			);
			path = Resources;
			sourceTree = "<group>";
		};
		55651F912E173C5700DD5450 /* subview */ = {
			isa = PBXGroup;
			children = (
				5568AD8C2E326FB600D0A72C /* social_login.swift */,
				55651F942E173D2200DD5450 /* PasswordTextFieldSubView.swift */,
				55651F922E173C6600DD5450 /* TextFieldSubView.swift */,
			);
			path = subview;
			sourceTree = "<group>";
		};
		5568AD872E326B0500D0A72C /* authView */ = {
			isa = PBXGroup;
			children = (
				55651F6B2E1714EF00DD5450 /* Signup.swift */,
				5568AD882E326B2C00D0A72C /* SignInView.swift */,
				55651F912E173C5700DD5450 /* subview */,
			);
			path = authView;
			sourceTree = "<group>";
		};
		5568AD982E32CB7000D0A72C /* SubView */ = {
			isa = PBXGroup;
			children = (
				5568AD9B2E32D74800D0A72C /* BalanceView.swift */,
				5568AD992E32CBF600D0A72C /* TransactionView.swift */,
			);
			path = SubView;
			sourceTree = "<group>";
		};
		556EB3682E3413F700C2A56A /* Transaction */ = {
			isa = PBXGroup;
			children = (
				556EB36B2E34147600C2A56A /* TransactionScreen.swift */,
			);
			path = Transaction;
			sourceTree = "<group>";
		};
		55AC2A0E2E1EB2C800FBC303 /* home */ = {
			isa = PBXGroup;
			children = (
				5568AD982E32CB7000D0A72C /* SubView */,
				5568AD902E32901200D0A72C /* Dashboard.swift */,
			);
			path = home;
			sourceTree = "<group>";
		};
/* End PBXGroup section */

/* Begin PBXNativeTarget section */
		208E87D62C0B89A4008C5CF5 /* IncomeApp */ = {
			isa = PBXNativeTarget;
			buildConfigurationList = 208E87E52C0B89A6008C5CF5 /* Build configuration list for PBXNativeTarget "IncomeApp" */;
			buildPhases = (
				208E87D32C0B89A4008C5CF5 /* Sources */,
				208E87D42C0B89A4008C5CF5 /* Frameworks */,
				208E87D52C0B89A4008C5CF5 /* Resources */,
				55651F772E171C1500DD5450 /* CopyFiles */,
			);
			buildRules = (
			);
			dependencies = (
			);
			name = IncomeApp;
			productName = GuessGame;
			productReference = 208E87D72C0B89A4008C5CF5 /* IncomeApp.app */;
			productType = "com.apple.product-type.application";
		};
/* End PBXNativeTarget section */

/* Begin PBXProject section */
		208E87CF2C0B89A4008C5CF5 /* Project object */ = {
			isa = PBXProject;
			attributes = {
				BuildIndependentTargetsInParallel = 1;
				LastSwiftUpdateCheck = 1530;
				LastUpgradeCheck = 1530;
				TargetAttributes = {
					208E87D62C0B89A4008C5CF5 = {
						CreatedOnToolsVersion = 15.3;
					};
				};
			};
			buildConfigurationList = 208E87D22C0B89A4008C5CF5 /* Build configuration list for PBXProject "IncomeApp" */;
			compatibilityVersion = "Xcode 14.0";
			developmentRegion = en;
			hasScannedForEncodings = 0;
			knownRegions = (
				en,
				Base,
			);
			mainGroup = 208E87CE2C0B89A4008C5CF5;
			productRefGroup = 208E87D82C0B89A4008C5CF5 /* Products */;
			projectDirPath = "";
			projectRoot = "";
			targets = (
				208E87D62C0B89A4008C5CF5 /* IncomeApp */,
			);
		};
/* End PBXProject section */

/* Begin PBXResourcesBuildPhase section */
		208E87D52C0B89A4008C5CF5 /* Resources */ = {
			isa = PBXResourcesBuildPhase;
			buildActionMask = 2147483647;
			files = (
				208E87E22C0B89A6008C5CF5 /* Preview Assets.xcassets in Resources */,
				55651F7D2E17208700DD5450 /* Poppins-SemiBold.ttf in Resources */,
				55651F6A2E17146600DD5450 /* ColorTheme.xcassets in Resources */,
				208E87DF2C0B89A6008C5CF5 /* Assets.xcassets in Resources */,
			);
			runOnlyForDeploymentPostprocessing = 0;
		};
/* End PBXResourcesBuildPhase section */

/* Begin PBXSourcesBuildPhase section */
		208E87D32C0B89A4008C5CF5 /* Sources */ = {
			isa = PBXSourcesBuildPhase;
			buildActionMask = 2147483647;
			files = (
				5568AD952E32944100D0A72C /* IncomeApp.swift in Sources */,
				5568AD8D2E326FBD00D0A72C /* social_login.swift in Sources */,
				5568AD972E32A2C200D0A72C /* TransactionModelEnum.swift in Sources */,
				559FB52B2E39436F003A5212 /* BalanceModel.swift in Sources */,
				556EB36C2E34147D00C2A56A /* TransactionScreen.swift in Sources */,
				5568AD892E326B3500D0A72C /* SignInView.swift in Sources */,
				5568AD9A2E32CBF600D0A72C /* TransactionView.swift in Sources */,
				55651F932E173C7600DD5450 /* TextFieldSubView.swift in Sources */,
				5568AD932E32936900D0A72C /* TranactionModel.swift in Sources */,
				5568AD912E32901A00D0A72C /* Dashboard.swift in Sources */,
				55651F6C2E1714F700DD5450 /* Signup.swift in Sources */,
				55651F952E173D2D00DD5450 /* PasswordTextFieldSubView.swift in Sources */,
				55651F902E173B8D00DD5450 /* SignupModel.swift in Sources */,
				5568AD9C2E32D75200D0A72C /* BalanceView.swift in Sources */,
			);
			runOnlyForDeploymentPostprocessing = 0;
		};
/* End PBXSourcesBuildPhase section */

/* Begin XCBuildConfiguration section */
		208E87E32C0B89A6008C5CF5 /* Debug */ = {
			isa = XCBuildConfiguration;
			buildSettings = {
				ALWAYS_SEARCH_USER_PATHS = NO;
				ASSETCATALOG_COMPILER_GENERATE_SWIFT_ASSET_SYMBOL_EXTENSIONS = YES;
				CLANG_ANALYZER_NONNULL = YES;
				CLANG_ANALYZER_NUMBER_OBJECT_CONVERSION = YES_AGGRESSIVE;
				CLANG_CXX_LANGUAGE_STANDARD = "gnu++20";
				CLANG_ENABLE_MODULES = YES;
				CLANG_ENABLE_OBJC_ARC = YES;
				CLANG_ENABLE_OBJC_WEAK = YES;
				CLANG_WARN_BLOCK_CAPTURE_AUTORELEASING = YES;
				CLANG_WARN_BOOL_CONVERSION = YES;
				CLANG_WARN_COMMA = YES;
				CLANG_WARN_CONSTANT_CONVERSION = YES;
				CLANG_WARN_DEPRECATED_OBJC_IMPLEMENTATIONS = YES;
				CLANG_WARN_DIRECT_OBJC_ISA_USAGE = YES_ERROR;
				CLANG_WARN_DOCUMENTATION_COMMENTS = YES;
				CLANG_WARN_EMPTY_BODY = YES;
				CLANG_WARN_ENUM_CONVERSION = YES;
				CLANG_WARN_INFINITE_RECURSION = YES;
				CLANG_WARN_INT_CONVERSION = YES;
				CLANG_WARN_NON_LITERAL_NULL_CONVERSION = YES;
				CLANG_WARN_OBJC_IMPLICIT_RETAIN_SELF = YES;
				CLANG_WARN_OBJC_LITERAL_CONVERSION = YES;
				CLANG_WARN_OBJC_ROOT_CLASS = YES_ERROR;
				CLANG_WARN_QUOTED_INCLUDE_IN_FRAMEWORK_HEADER = YES;
				CLANG_WARN_RANGE_LOOP_ANALYSIS = YES;
				CLANG_WARN_STRICT_PROTOTYPES = YES;
				CLANG_WARN_SUSPICIOUS_MOVE = YES;
				CLANG_WARN_UNGUARDED_AVAILABILITY = YES_AGGRESSIVE;
				CLANG_WARN_UNREACHABLE_CODE = YES;
				CLANG_WARN__DUPLICATE_METHOD_MATCH = YES;
				COPY_PHASE_STRIP = NO;
				DEBUG_INFORMATION_FORMAT = dwarf;
				ENABLE_STRICT_OBJC_MSGSEND = YES;
				ENABLE_TESTABILITY = YES;
				ENABLE_USER_SCRIPT_SANDBOXING = YES;
				GCC_C_LANGUAGE_STANDARD = gnu17;
				GCC_DYNAMIC_NO_PIC = NO;
				GCC_NO_COMMON_BLOCKS = YES;
				GCC_OPTIMIZATION_LEVEL = 0;
				GCC_PREPROCESSOR_DEFINITIONS = (
					"DEBUG=1",
					"$(inherited)",
				);
				GCC_WARN_64_TO_32_BIT_CONVERSION = YES;
				GCC_WARN_ABOUT_RETURN_TYPE = YES_ERROR;
				GCC_WARN_UNDECLARED_SELECTOR = YES;
				GCC_WARN_UNINITIALIZED_AUTOS = YES_AGGRESSIVE;
				GCC_WARN_UNUSED_FUNCTION = YES;
				GCC_WARN_UNUSED_VARIABLE = YES;
				IPHONEOS_DEPLOYMENT_TARGET = 17.4;
				LOCALIZATION_PREFERS_STRING_CATALOGS = YES;
				MTL_ENABLE_DEBUG_INFO = INCLUDE_SOURCE;
				MTL_FAST_MATH = YES;
				ONLY_ACTIVE_ARCH = YES;
				SDKROOT = iphoneos;
				SWIFT_ACTIVE_COMPILATION_CONDITIONS = "DEBUG $(inherited)";
				SWIFT_OPTIMIZATION_LEVEL = "-Onone";
			};
			name = Debug;
		};
		208E87E42C0B89A6008C5CF5 /* Release */ = {
			isa = XCBuildConfiguration;
			buildSettings = {
				ALWAYS_SEARCH_USER_PATHS = NO;
				ASSETCATALOG_COMPILER_GENERATE_SWIFT_ASSET_SYMBOL_EXTENSIONS = YES;
				CLANG_ANALYZER_NONNULL = YES;
				CLANG_ANALYZER_NUMBER_OBJECT_CONVERSION = YES_AGGRESSIVE;
				CLANG_CXX_LANGUAGE_STANDARD = "gnu++20";
				CLANG_ENABLE_MODULES = YES;
				CLANG_ENABLE_OBJC_ARC = YES;
				CLANG_ENABLE_OBJC_WEAK = YES;
				CLANG_WARN_BLOCK_CAPTURE_AUTORELEASING = YES;
				CLANG_WARN_BOOL_CONVERSION = YES;
				CLANG_WARN_COMMA = YES;
				CLANG_WARN_CONSTANT_CONVERSION = YES;
				CLANG_WARN_DEPRECATED_OBJC_IMPLEMENTATIONS = YES;
				CLANG_WARN_DIRECT_OBJC_ISA_USAGE = YES_ERROR;
				CLANG_WARN_DOCUMENTATION_COMMENTS = YES;
				CLANG_WARN_EMPTY_BODY = YES;
				CLANG_WARN_ENUM_CONVERSION = YES;
				CLANG_WARN_INFINITE_RECURSION = YES;
				CLANG_WARN_INT_CONVERSION = YES;
				CLANG_WARN_NON_LITERAL_NULL_CONVERSION = YES;
				CLANG_WARN_OBJC_IMPLICIT_RETAIN_SELF = YES;
				CLANG_WARN_OBJC_LITERAL_CONVERSION = YES;
				CLANG_WARN_OBJC_ROOT_CLASS = YES_ERROR;
				CLANG_WARN_QUOTED_INCLUDE_IN_FRAMEWORK_HEADER = YES;
				CLANG_WARN_RANGE_LOOP_ANALYSIS = YES;
				CLANG_WARN_STRICT_PROTOTYPES = YES;
				CLANG_WARN_SUSPICIOUS_MOVE = YES;
				CLANG_WARN_UNGUARDED_AVAILABILITY = YES_AGGRESSIVE;
				CLANG_WARN_UNREACHABLE_CODE = YES;
				CLANG_WARN__DUPLICATE_METHOD_MATCH = YES;
				COPY_PHASE_STRIP = NO;
				DEBUG_INFORMATION_FORMAT = "dwarf-with-dsym";
				ENABLE_NS_ASSERTIONS = NO;
				ENABLE_STRICT_OBJC_MSGSEND = YES;
				ENABLE_USER_SCRIPT_SANDBOXING = YES;
				GCC_C_LANGUAGE_STANDARD = gnu17;
				GCC_NO_COMMON_BLOCKS = YES;
				GCC_WARN_64_TO_32_BIT_CONVERSION = YES;
				GCC_WARN_ABOUT_RETURN_TYPE = YES_ERROR;
				GCC_WARN_UNDECLARED_SELECTOR = YES;
				GCC_WARN_UNINITIALIZED_AUTOS = YES_AGGRESSIVE;
				GCC_WARN_UNUSED_FUNCTION = YES;
				GCC_WARN_UNUSED_VARIABLE = YES;
				IPHONEOS_DEPLOYMENT_TARGET = 17.4;
				LOCALIZATION_PREFERS_STRING_CATALOGS = YES;
				MTL_ENABLE_DEBUG_INFO = NO;
				MTL_FAST_MATH = YES;
				SDKROOT = iphoneos;
				SWIFT_COMPILATION_MODE = wholemodule;
				VALIDATE_PRODUCT = YES;
			};
			name = Release;
		};
		208E87E62C0B89A6008C5CF5 /* Debug */ = {
			isa = XCBuildConfiguration;
			buildSettings = {
				ASSETCATALOG_COMPILER_APPICON_NAME = AppIcon;
				ASSETCATALOG_COMPILER_GLOBAL_ACCENT_COLOR_NAME = AccentColor;
				CODE_SIGN_STYLE = Automatic;
				CURRENT_PROJECT_VERSION = 1;
				DEVELOPMENT_ASSET_PATHS = "";
				ENABLE_PREVIEWS = YES;
				GENERATE_INFOPLIST_FILE = YES;
				INFOPLIST_FILE = GuessGame/Info.plist;
				INFOPLIST_KEY_UIApplicationSceneManifest_Generation = YES;
				INFOPLIST_KEY_UIApplicationSupportsIndirectInputEvents = YES;
				INFOPLIST_KEY_UILaunchScreen_Generation = YES;
				INFOPLIST_KEY_UISupportedInterfaceOrientations_iPad = "UIInterfaceOrientationPortrait UIInterfaceOrientationPortraitUpsideDown UIInterfaceOrientationLandscapeLeft UIInterfaceOrientationLandscapeRight";
				INFOPLIST_KEY_UISupportedInterfaceOrientations_iPhone = "UIInterfaceOrientationPortrait UIInterfaceOrientationLandscapeLeft UIInterfaceOrientationLandscapeRight";
				LD_RUNPATH_SEARCH_PATHS = (
					"$(inherited)",
					"@executable_path/Frameworks",
				);
				MARKETING_VERSION = 1.0;
				PRODUCT_BUNDLE_IDENTIFIER = com.fullstacktuts.GuessGame;
				PRODUCT_NAME = "$(TARGET_NAME)";
				SWIFT_EMIT_LOC_STRINGS = YES;
				SWIFT_VERSION = 5.0;
				TARGETED_DEVICE_FAMILY = "1,2";
			};
			name = Debug;
		};
		208E87E72C0B89A6008C5CF5 /* Release */ = {
			isa = XCBuildConfiguration;
			buildSettings = {
				ASSETCATALOG_COMPILER_APPICON_NAME = AppIcon;
				ASSETCATALOG_COMPILER_GLOBAL_ACCENT_COLOR_NAME = AccentColor;
				CODE_SIGN_STYLE = Automatic;
				CURRENT_PROJECT_VERSION = 1;
				DEVELOPMENT_ASSET_PATHS = "";
				ENABLE_PREVIEWS = YES;
				GENERATE_INFOPLIST_FILE = YES;
				INFOPLIST_FILE = GuessGame/Info.plist;
				INFOPLIST_KEY_UIApplicationSceneManifest_Generation = YES;
				INFOPLIST_KEY_UIApplicationSupportsIndirectInputEvents = YES;
				INFOPLIST_KEY_UILaunchScreen_Generation = YES;
				INFOPLIST_KEY_UISupportedInterfaceOrientations_iPad = "UIInterfaceOrientationPortrait UIInterfaceOrientationPortraitUpsideDown UIInterfaceOrientationLandscapeLeft UIInterfaceOrientationLandscapeRight";
				INFOPLIST_KEY_UISupportedInterfaceOrientations_iPhone = "UIInterfaceOrientationPortrait UIInterfaceOrientationLandscapeLeft UIInterfaceOrientationLandscapeRight";
				LD_RUNPATH_SEARCH_PATHS = (
					"$(inherited)",
					"@executable_path/Frameworks",
				);
				MARKETING_VERSION = 1.0;
				PRODUCT_BUNDLE_IDENTIFIER = com.fullstacktuts.GuessGame;
				PRODUCT_NAME = "$(TARGET_NAME)";
				SWIFT_EMIT_LOC_STRINGS = YES;
				SWIFT_VERSION = 5.0;
				TARGETED_DEVICE_FAMILY = "1,2";
			};
			name = Release;
		};
/* End XCBuildConfiguration section */

/* Begin XCConfigurationList section */
		208E87D22C0B89A4008C5CF5 /* Build configuration list for PBXProject "IncomeApp" */ = {
			isa = XCConfigurationList;
			buildConfigurations = (
				208E87E32C0B89A6008C5CF5 /* Debug */,
				208E87E42C0B89A6008C5CF5 /* Release */,
			);
			defaultConfigurationIsVisible = 0;
			defaultConfigurationName = Release;
		};
		208E87E52C0B89A6008C5CF5 /* Build configuration list for PBXNativeTarget "IncomeApp" */ = {
			isa = XCConfigurationList;
			buildConfigurations = (
				208E87E62C0B89A6008C5CF5 /* Debug */,
				208E87E72C0B89A6008C5CF5 /* Release */,
			);
			defaultConfigurationIsVisible = 0;
			defaultConfigurationName = Release;
		};
/* End XCConfigurationList section */
	};
	rootObject = 208E87CF2C0B89A4008C5CF5 /* Project object */;
}
